
Microsoft Visual Studio Solution File, Format Version 12.00
# Visual Studio for Mac
Project("{FAE04EC0-301F-11D3-BF4B-00C04F79EFBC}") = "Assembly-CSharp", "Assembly-CSharp.csproj", "{15706AE6-195F-71B3-09EE-388D8A9190FB}"
EndProject
Global
	GlobalSection(SolutionConfigurationPlatforms) = preSolution
		Debug|Any CPU = Debug|Any CPU
		Release|Any CPU = Release|Any CPU
	EndGlobalSection
	GlobalSection(ProjectConfigurationPlatforms) = postSolution
		{15706AE6-195F-71B3-09EE-388D8A9190FB}.Debug|Any CPU.ActiveCfg = Debug|Any CPU
		{15706AE6-195F-71B3-09EE-388D8A9190FB}.Debug|Any CPU.Build.0 = Debug|Any CPU
		{15706AE6-195F-71B3-09EE-388D8A9190FB}.Release|Any CPU.ActiveCfg = Release|Any CPU
		{15706AE6-195F-71B3-09EE-388D8A9190FB}.Release|Any CPU.Build.0 = Release|Any CPU
	EndGlobalSection
	GlobalSection(SolutionProperties) = preSolution
		HideSolutionNode = FALSE
	EndGlobalSection
EndGlobal
